
Microsoft Visual Studio Solution File, Format Version 12.00
# Visual Studio Version 17
VisualStudioVersion = 17.3.32901.215
MinimumVisualStudioVersion = 10.0.40219.1
Project("{9A19103F-16F7-4668-BE54-9A1E7A4F7556}") = "Opdracht_1", "Hoofdstuk_1\Opdracht_1\Opdracht_1.csproj", "{F9235393-574B-4A21-942B-3F5516A9998C}"
EndProject
Project("{9A19103F-16F7-4668-BE54-9A1E7A4F7556}") = "Opdracht_2", "Hoofdstuk_1\Opdracht_2\Opdracht_2.csproj", "{3D0D4D4E-F498-42D1-94EE-6AE2EB948910}"
EndProject
Project("{9A19103F-16F7-4668-BE54-9A1E7A4F7556}") = "Opdracht_3", "Hoofdstuk_1\Opdracht_3\Opdracht_3.csproj", "{989A8BB9-F18A-40CD-90E8-79D4427D17D5}"
EndProject
Project("{9A19103F-16F7-4668-BE54-9A1E7A4F7556}") = "Opdracht_4", "Hoofdstuk_1\Opdracht_4\Opdracht_4.csproj", "{65980E10-11FD-4CAB-8404-90212734E374}"
EndProject
Project("{9A19103F-16F7-4668-BE54-9A1E7A4F7556}") = "Opdracht_5", "Hoofdstuk_1\Opdracht_5\Opdracht_5.csproj", "{B7843BAA-DBB2-4A2C-BE8D-E19DE5D80672}"
EndProject
Project("{9A19103F-16F7-4668-BE54-9A1E7A4F7556}") = "Opdracht_6", "Hoofdstuk_1\Opdracht_6\Opdracht_6.csproj", "{617F5EF1-6B14-45A9-9E47-B8B75F88BDFA}"
EndProject
Project("{2150E333-8FDC-42A3-9474-1A3956D46DE8}") = "Hoofdstuk_1", "Hoofdstuk_1", "{6E01B9D4-34B6-4CAD-9EE2-D8C8454693A4}"
EndProject
Project("{2150E333-8FDC-42A3-9474-1A3956D46DE8}") = "Hoofdstuk_2", "Hoofdstuk_2", "{004B5743-EA9C-40E7-B86C-C844C6533DAE}"
EndProject
Project("{9A19103F-16F7-4668-BE54-9A1E7A4F7556}") = "Opdracht_1", "Hoodstuk_2\Opdracht_1\Opdracht_1.csproj", "{79E1B5B4-B2BC-4B03-993B-4DF13C003D2C}"
EndProject
Project("{9A19103F-16F7-4668-BE54-9A1E7A4F7556}") = "Opdracht_2", "Hoodstuk_2\Opdracht_2\Opdracht_2.csproj", "{F084FB41-3863-49C4-AC0E-3B8573F37986}"
EndProject
Project("{9A19103F-16F7-4668-BE54-9A1E7A4F7556}") = "Opdracht_3", "Hoodstuk_2\Opdracht_3\Opdracht_3.csproj", "{2E491876-0929-49FB-A37F-D17E91D30708}"
EndProject
Project("{9A19103F-16F7-4668-BE54-9A1E7A4F7556}") = "Opdracht_4", "Hoodstuk_2\Opdracht_4\Opdracht_4.csproj", "{4141D099-4F87-44D6-9F30-F221BF81F78D}"
EndProject
Project("{9A19103F-16F7-4668-BE54-9A1E7A4F7556}") = "Opdracht_5", "Hoodstuk_2\Opdracht_5\Opdracht_5.csproj", "{C0E844E5-EAED-4F3D-8C62-E4DD362BD619}"
EndProject
Project("{9A19103F-16F7-4668-BE54-9A1E7A4F7556}") = "Opdracht_6", "Hoodstuk_2\Opdracht_6\Opdracht_6.csproj", "{9A51F1B8-14DD-4983-9C94-2D5E8245F847}"
EndProject
Project("{9A19103F-16F7-4668-BE54-9A1E7A4F7556}") = "Opdracht_7", "Hoodstuk_2\Opdracht_7\Opdracht_7.csproj", "{F1139D93-3321-4F1E-8EAD-EE2A1200ABBD}"
EndProject
Project("{9A19103F-16F7-4668-BE54-9A1E7A4F7556}") = "Opdracht_8", "Hoodstuk_2\Opdracht_8\Opdracht_8.csproj", "{6737D36E-8289-4E8F-A7C1-67F1B8111FD9}"
EndProject
Project("{2150E333-8FDC-42A3-9474-1A3956D46DE8}") = "Hoofdstuk_3", "Hoofdstuk_3", "{98CC669E-DE59-4556-94F1-39FF8E1FA8CA}"
EndProject
Project("{2150E333-8FDC-42A3-9474-1A3956D46DE8}") = "Hoofdstuk_4", "Hoofdstuk_4", "{0B7E53FC-DF6C-401A-9037-77B55EE023E6}"
EndProject
Project("{9A19103F-16F7-4668-BE54-9A1E7A4F7556}") = "Opdracht_1", "Hoofdstuk_4\Opdracht_1\Opdracht_1.csproj", "{C7B6135A-373A-44D9-AC23-A8F3D2CBF594}"
EndProject
Project("{9A19103F-16F7-4668-BE54-9A1E7A4F7556}") = "Opdracht_2", "Hoofdstuk_4\Opdracht_2\Opdracht_2.csproj", "{F7E7EE7B-4F67-46A4-9EDC-4029EC45AD45}"
EndProject
Project("{2150E333-8FDC-42A3-9474-1A3956D46DE8}") = "Hoofdstuk_5", "Hoofdstuk_5", "{1465DF7C-3310-4BED-B7E2-E86C48016008}"
EndProject
Project("{9A19103F-16F7-4668-BE54-9A1E7A4F7556}") = "Opdracht_1", "Hoofdstuk_5\Opdracht_1\Opdracht_1.csproj", "{B0D48812-619E-47C1-803D-D50A4C27C96B}"
EndProject
Project("{9A19103F-16F7-4668-BE54-9A1E7A4F7556}") = "Opdracht_2", "Hoofdstuk_5\Opdracht_2\Opdracht_2.csproj", "{5573DF2B-EC2E-4A7F-8E0F-E3548498A5BA}"
EndProject
Project("{9A19103F-16F7-4668-BE54-9A1E7A4F7556}") = "Opdracht_3", "Hoofdstuk_5\Opdracht_3\Opdracht_3.csproj", "{C22DBE49-ECB3-4C5A-8D6F-7E02E16CD42E}"
EndProject
Project("{9A19103F-16F7-4668-BE54-9A1E7A4F7556}") = "Opdracht_4", "Hoofdstuk_5\Opdracht_4\Opdracht_4.csproj", "{9D1A84AD-9D84-4766-8170-1036F2CE1C2A}"
EndProject
Project("{9A19103F-16F7-4668-BE54-9A1E7A4F7556}") = "Opdracht_5", "Hoofdstuk_5\Opdracht_5\Opdracht_5.csproj", "{66F67470-5756-4E25-99F8-C83277417807}"
EndProject
Project("{9A19103F-16F7-4668-BE54-9A1E7A4F7556}") = "Opdracht_6", "Hoofdstuk_5\Opdracht_6\Opdracht_6.csproj", "{50D61088-59A1-4537-B64B-B01BCC7DFBA1}"
EndProject
Project("{9A19103F-16F7-4668-BE54-9A1E7A4F7556}") = "Opdracht_1", "Hoofdstuk_3\Opdracht_1\Opdracht_1.csproj", "{2120C022-C6AD-4A34-874E-873C11B04E1F}"
EndProject
Project("{9A19103F-16F7-4668-BE54-9A1E7A4F7556}") = "Opdracht_2", "Hoofdstuk_3\Opdracht_2\Opdracht_2.csproj", "{E1325317-F305-4827-8569-A315E60735B4}"
EndProject
Project("{9A19103F-16F7-4668-BE54-9A1E7A4F7556}") = "Opdracht_3", "Hoofdstuk_3\Opdracht_3\Opdracht_3.csproj", "{503DE397-A743-4267-B920-DACDAB13EA1A}"
EndProject
Project("{9A19103F-16F7-4668-BE54-9A1E7A4F7556}") = "Opdracht_4", "Hoofdstuk_3\Opdracht_4\Opdracht_4.csproj", "{3F6394F9-518C-4AA2-8DF4-47AE4FC830DB}"
EndProject
Project("{9A19103F-16F7-4668-BE54-9A1E7A4F7556}") = "Opdracht_5", "Hoofdstuk_3\Opdracht_5\Opdracht_5.csproj", "{56153D58-7EEA-48DB-8445-07D26B2B28E9}"
EndProject
Global
	GlobalSection(SolutionConfigurationPlatforms) = preSolution
		Debug|Any CPU = Debug|Any CPU
		Release|Any CPU = Release|Any CPU
	EndGlobalSection
	GlobalSection(ProjectConfigurationPlatforms) = postSolution
		{F9235393-574B-4A21-942B-3F5516A9998C}.Debug|Any CPU.ActiveCfg = Debug|Any CPU
		{F9235393-574B-4A21-942B-3F5516A9998C}.Debug|Any CPU.Build.0 = Debug|Any CPU
		{F9235393-574B-4A21-942B-3F5516A9998C}.Release|Any CPU.ActiveCfg = Release|Any CPU
		{F9235393-574B-4A21-942B-3F5516A9998C}.Release|Any CPU.Build.0 = Release|Any CPU
		{3D0D4D4E-F498-42D1-94EE-6AE2EB948910}.Debug|Any CPU.ActiveCfg = Debug|Any CPU
		{3D0D4D4E-F498-42D1-94EE-6AE2EB948910}.Debug|Any CPU.Build.0 = Debug|Any CPU
		{3D0D4D4E-F498-42D1-94EE-6AE2EB948910}.Release|Any CPU.ActiveCfg = Release|Any CPU
		{3D0D4D4E-F498-42D1-94EE-6AE2EB948910}.Release|Any CPU.Build.0 = Release|Any CPU
		{989A8BB9-F18A-40CD-90E8-79D4427D17D5}.Debug|Any CPU.ActiveCfg = Debug|Any CPU
		{989A8BB9-F18A-40CD-90E8-79D4427D17D5}.Debug|Any CPU.Build.0 = Debug|Any CPU
		{989A8BB9-F18A-40CD-90E8-79D4427D17D5}.Release|Any CPU.ActiveCfg = Release|Any CPU
		{989A8BB9-F18A-40CD-90E8-79D4427D17D5}.Release|Any CPU.Build.0 = Release|Any CPU
		{65980E10-11FD-4CAB-8404-90212734E374}.Debug|Any CPU.ActiveCfg = Debug|Any CPU
		{65980E10-11FD-4CAB-8404-90212734E374}.Debug|Any CPU.Build.0 = Debug|Any CPU
		{65980E10-11FD-4CAB-8404-90212734E374}.Release|Any CPU.ActiveCfg = Release|Any CPU
		{65980E10-11FD-4CAB-8404-90212734E374}.Release|Any CPU.Build.0 = Release|Any CPU
		{B7843BAA-DBB2-4A2C-BE8D-E19DE5D80672}.Debug|Any CPU.ActiveCfg = Debug|Any CPU
		{B7843BAA-DBB2-4A2C-BE8D-E19DE5D80672}.Debug|Any CPU.Build.0 = Debug|Any CPU
		{B7843BAA-DBB2-4A2C-BE8D-E19DE5D80672}.Release|Any CPU.ActiveCfg = Release|Any CPU
		{B7843BAA-DBB2-4A2C-BE8D-E19DE5D80672}.Release|Any CPU.Build.0 = Release|Any CPU
		{617F5EF1-6B14-45A9-9E47-B8B75F88BDFA}.Debug|Any CPU.ActiveCfg = Debug|Any CPU
		{617F5EF1-6B14-45A9-9E47-B8B75F88BDFA}.Debug|Any CPU.Build.0 = Debug|Any CPU
		{617F5EF1-6B14-45A9-9E47-B8B75F88BDFA}.Release|Any CPU.ActiveCfg = Release|Any CPU
		{617F5EF1-6B14-45A9-9E47-B8B75F88BDFA}.Release|Any CPU.Build.0 = Release|Any CPU
		{79E1B5B4-B2BC-4B03-993B-4DF13C003D2C}.Debug|Any CPU.ActiveCfg = Debug|Any CPU
		{79E1B5B4-B2BC-4B03-993B-4DF13C003D2C}.Debug|Any CPU.Build.0 = Debug|Any CPU
		{79E1B5B4-B2BC-4B03-993B-4DF13C003D2C}.Release|Any CPU.ActiveCfg = Release|Any CPU
		{79E1B5B4-B2BC-4B03-993B-4DF13C003D2C}.Release|Any CPU.Build.0 = Release|Any CPU
		{F084FB41-3863-49C4-AC0E-3B8573F37986}.Debug|Any CPU.ActiveCfg = Debug|Any CPU
		{F084FB41-3863-49C4-AC0E-3B8573F37986}.Debug|Any CPU.Build.0 = Debug|Any CPU
		{F084FB41-3863-49C4-AC0E-3B8573F37986}.Release|Any CPU.ActiveCfg = Release|Any CPU
		{F084FB41-3863-49C4-AC0E-3B8573F37986}.Release|Any CPU.Build.0 = Release|Any CPU
		{2E491876-0929-49FB-A37F-D17E91D30708}.Debug|Any CPU.ActiveCfg = Debug|Any CPU
		{2E491876-0929-49FB-A37F-D17E91D30708}.Debug|Any CPU.Build.0 = Debug|Any CPU
		{2E491876-0929-49FB-A37F-D17E91D30708}.Release|Any CPU.ActiveCfg = Release|Any CPU
		{2E491876-0929-49FB-A37F-D17E91D30708}.Release|Any CPU.Build.0 = Release|Any CPU
		{4141D099-4F87-44D6-9F30-F221BF81F78D}.Debug|Any CPU.ActiveCfg = Debug|Any CPU
		{4141D099-4F87-44D6-9F30-F221BF81F78D}.Debug|Any CPU.Build.0 = Debug|Any CPU
		{4141D099-4F87-44D6-9F30-F221BF81F78D}.Release|Any CPU.ActiveCfg = Release|Any CPU
		{4141D099-4F87-44D6-9F30-F221BF81F78D}.Release|Any CPU.Build.0 = Release|Any CPU
		{C0E844E5-EAED-4F3D-8C62-E4DD362BD619}.Debug|Any CPU.ActiveCfg = Debug|Any CPU
		{C0E844E5-EAED-4F3D-8C62-E4DD362BD619}.Debug|Any CPU.Build.0 = Debug|Any CPU
		{C0E844E5-EAED-4F3D-8C62-E4DD362BD619}.Release|Any CPU.ActiveCfg = Release|Any CPU
		{C0E844E5-EAED-4F3D-8C62-E4DD362BD619}.Release|Any CPU.Build.0 = Release|Any CPU
		{9A51F1B8-14DD-4983-9C94-2D5E8245F847}.Debug|Any CPU.ActiveCfg = Debug|Any CPU
		{9A51F1B8-14DD-4983-9C94-2D5E8245F847}.Debug|Any CPU.Build.0 = Debug|Any CPU
		{9A51F1B8-14DD-4983-9C94-2D5E8245F847}.Release|Any CPU.ActiveCfg = Release|Any CPU
		{9A51F1B8-14DD-4983-9C94-2D5E8245F847}.Release|Any CPU.Build.0 = Release|Any CPU
		{F1139D93-3321-4F1E-8EAD-EE2A1200ABBD}.Debug|Any CPU.ActiveCfg = Debug|Any CPU
		{F1139D93-3321-4F1E-8EAD-EE2A1200ABBD}.Debug|Any CPU.Build.0 = Debug|Any CPU
		{F1139D93-3321-4F1E-8EAD-EE2A1200ABBD}.Release|Any CPU.ActiveCfg = Release|Any CPU
		{F1139D93-3321-4F1E-8EAD-EE2A1200ABBD}.Release|Any CPU.Build.0 = Release|Any CPU
		{6737D36E-8289-4E8F-A7C1-67F1B8111FD9}.Debug|Any CPU.ActiveCfg = Debug|Any CPU
		{6737D36E-8289-4E8F-A7C1-67F1B8111FD9}.Debug|Any CPU.Build.0 = Debug|Any CPU
		{6737D36E-8289-4E8F-A7C1-67F1B8111FD9}.Release|Any CPU.ActiveCfg = Release|Any CPU
		{6737D36E-8289-4E8F-A7C1-67F1B8111FD9}.Release|Any CPU.Build.0 = Release|Any CPU
		{C7B6135A-373A-44D9-AC23-A8F3D2CBF594}.Debug|Any CPU.ActiveCfg = Debug|Any CPU
		{C7B6135A-373A-44D9-AC23-A8F3D2CBF594}.Debug|Any CPU.Build.0 = Debug|Any CPU
		{C7B6135A-373A-44D9-AC23-A8F3D2CBF594}.Release|Any CPU.ActiveCfg = Release|Any CPU
		{C7B6135A-373A-44D9-AC23-A8F3D2CBF594}.Release|Any CPU.Build.0 = Release|Any CPU
		{F7E7EE7B-4F67-46A4-9EDC-4029EC45AD45}.Debug|Any CPU.ActiveCfg = Debug|Any CPU
		{F7E7EE7B-4F67-46A4-9EDC-4029EC45AD45}.Debug|Any CPU.Build.0 = Debug|Any CPU
		{F7E7EE7B-4F67-46A4-9EDC-4029EC45AD45}.Release|Any CPU.ActiveCfg = Release|Any CPU
		{F7E7EE7B-4F67-46A4-9EDC-4029EC45AD45}.Release|Any CPU.Build.0 = Release|Any CPU
		{B0D48812-619E-47C1-803D-D50A4C27C96B}.Debug|Any CPU.ActiveCfg = Debug|Any CPU
		{B0D48812-619E-47C1-803D-D50A4C27C96B}.Debug|Any CPU.Build.0 = Debug|Any CPU
		{B0D48812-619E-47C1-803D-D50A4C27C96B}.Release|Any CPU.ActiveCfg = Release|Any CPU
		{B0D48812-619E-47C1-803D-D50A4C27C96B}.Release|Any CPU.Build.0 = Release|Any CPU
		{5573DF2B-EC2E-4A7F-8E0F-E3548498A5BA}.Debug|Any CPU.ActiveCfg = Debug|Any CPU
		{5573DF2B-EC2E-4A7F-8E0F-E3548498A5BA}.Debug|Any CPU.Build.0 = Debug|Any CPU
		{5573DF2B-EC2E-4A7F-8E0F-E3548498A5BA}.Release|Any CPU.ActiveCfg = Release|Any CPU
		{5573DF2B-EC2E-4A7F-8E0F-E3548498A5BA}.Release|Any CPU.Build.0 = Release|Any CPU
		{C22DBE49-ECB3-4C5A-8D6F-7E02E16CD42E}.Debug|Any CPU.ActiveCfg = Debug|Any CPU
		{C22DBE49-ECB3-4C5A-8D6F-7E02E16CD42E}.Debug|Any CPU.Build.0 = Debug|Any CPU
		{C22DBE49-ECB3-4C5A-8D6F-7E02E16CD42E}.Release|Any CPU.ActiveCfg = Release|Any CPU
		{C22DBE49-ECB3-4C5A-8D6F-7E02E16CD42E}.Release|Any CPU.Build.0 = Release|Any CPU
		{9D1A84AD-9D84-4766-8170-1036F2CE1C2A}.Debug|Any CPU.ActiveCfg = Debug|Any CPU
		{9D1A84AD-9D84-4766-8170-1036F2CE1C2A}.Debug|Any CPU.Build.0 = Debug|Any CPU
		{9D1A84AD-9D84-4766-8170-1036F2CE1C2A}.Release|Any CPU.ActiveCfg = Release|Any CPU
		{9D1A84AD-9D84-4766-8170-1036F2CE1C2A}.Release|Any CPU.Build.0 = Release|Any CPU
		{66F67470-5756-4E25-99F8-C83277417807}.Debug|Any CPU.ActiveCfg = Debug|Any CPU
		{66F67470-5756-4E25-99F8-C83277417807}.Debug|Any CPU.Build.0 = Debug|Any CPU
		{66F67470-5756-4E25-99F8-C83277417807}.Release|Any CPU.ActiveCfg = Release|Any CPU
		{66F67470-5756-4E25-99F8-C83277417807}.Release|Any CPU.Build.0 = Release|Any CPU
		{50D61088-59A1-4537-B64B-B01BCC7DFBA1}.Debug|Any CPU.ActiveCfg = Debug|Any CPU
		{50D61088-59A1-4537-B64B-B01BCC7DFBA1}.Debug|Any CPU.Build.0 = Debug|Any CPU
		{50D61088-59A1-4537-B64B-B01BCC7DFBA1}.Release|Any CPU.ActiveCfg = Release|Any CPU
		{50D61088-59A1-4537-B64B-B01BCC7DFBA1}.Release|Any CPU.Build.0 = Release|Any CPU
		{2120C022-C6AD-4A34-874E-873C11B04E1F}.Debug|Any CPU.ActiveCfg = Debug|Any CPU
		{2120C022-C6AD-4A34-874E-873C11B04E1F}.Debug|Any CPU.Build.0 = Debug|Any CPU
		{2120C022-C6AD-4A34-874E-873C11B04E1F}.Release|Any CPU.ActiveCfg = Release|Any CPU
		{2120C022-C6AD-4A34-874E-873C11B04E1F}.Release|Any CPU.Build.0 = Release|Any CPU
		{E1325317-F305-4827-8569-A315E60735B4}.Debug|Any CPU.ActiveCfg = Debug|Any CPU
		{E1325317-F305-4827-8569-A315E60735B4}.Debug|Any CPU.Build.0 = Debug|Any CPU
		{E1325317-F305-4827-8569-A315E60735B4}.Release|Any CPU.ActiveCfg = Release|Any CPU
		{E1325317-F305-4827-8569-A315E60735B4}.Release|Any CPU.Build.0 = Release|Any CPU
		{503DE397-A743-4267-B920-DACDAB13EA1A}.Debug|Any CPU.ActiveCfg = Debug|Any CPU
		{503DE397-A743-4267-B920-DACDAB13EA1A}.Debug|Any CPU.Build.0 = Debug|Any CPU
		{503DE397-A743-4267-B920-DACDAB13EA1A}.Release|Any CPU.ActiveCfg = Release|Any CPU
		{503DE397-A743-4267-B920-DACDAB13EA1A}.Release|Any CPU.Build.0 = Release|Any CPU
		{3F6394F9-518C-4AA2-8DF4-47AE4FC830DB}.Debug|Any CPU.ActiveCfg = Debug|Any CPU
		{3F6394F9-518C-4AA2-8DF4-47AE4FC830DB}.Debug|Any CPU.Build.0 = Debug|Any CPU
		{3F6394F9-518C-4AA2-8DF4-47AE4FC830DB}.Release|Any CPU.ActiveCfg = Release|Any CPU
		{3F6394F9-518C-4AA2-8DF4-47AE4FC830DB}.Release|Any CPU.Build.0 = Release|Any CPU
		{56153D58-7EEA-48DB-8445-07D26B2B28E9}.Debug|Any CPU.ActiveCfg = Debug|Any CPU
		{56153D58-7EEA-48DB-8445-07D26B2B28E9}.Debug|Any CPU.Build.0 = Debug|Any CPU
		{56153D58-7EEA-48DB-8445-07D26B2B28E9}.Release|Any CPU.ActiveCfg = Release|Any CPU
		{56153D58-7EEA-48DB-8445-07D26B2B28E9}.Release|Any CPU.Build.0 = Release|Any CPU
	EndGlobalSection
	GlobalSection(SolutionProperties) = preSolution
		HideSolutionNode = FALSE
	EndGlobalSection
	GlobalSection(NestedProjects) = preSolution
		{F9235393-574B-4A21-942B-3F5516A9998C} = {6E01B9D4-34B6-4CAD-9EE2-D8C8454693A4}
		{3D0D4D4E-F498-42D1-94EE-6AE2EB948910} = {6E01B9D4-34B6-4CAD-9EE2-D8C8454693A4}
		{989A8BB9-F18A-40CD-90E8-79D4427D17D5} = {6E01B9D4-34B6-4CAD-9EE2-D8C8454693A4}
		{65980E10-11FD-4CAB-8404-90212734E374} = {6E01B9D4-34B6-4CAD-9EE2-D8C8454693A4}
		{B7843BAA-DBB2-4A2C-BE8D-E19DE5D80672} = {6E01B9D4-34B6-4CAD-9EE2-D8C8454693A4}
		{617F5EF1-6B14-45A9-9E47-B8B75F88BDFA} = {6E01B9D4-34B6-4CAD-9EE2-D8C8454693A4}
		{79E1B5B4-B2BC-4B03-993B-4DF13C003D2C} = {004B5743-EA9C-40E7-B86C-C844C6533DAE}
		{F084FB41-3863-49C4-AC0E-3B8573F37986} = {004B5743-EA9C-40E7-B86C-C844C6533DAE}
		{2E491876-0929-49FB-A37F-D17E91D30708} = {004B5743-EA9C-40E7-B86C-C844C6533DAE}
		{4141D099-4F87-44D6-9F30-F221BF81F78D} = {004B5743-EA9C-40E7-B86C-C844C6533DAE}
		{C0E844E5-EAED-4F3D-8C62-E4DD362BD619} = {004B5743-EA9C-40E7-B86C-C844C6533DAE}
		{9A51F1B8-14DD-4983-9C94-2D5E8245F847} = {004B5743-EA9C-40E7-B86C-C844C6533DAE}
		{F1139D93-3321-4F1E-8EAD-EE2A1200ABBD} = {004B5743-EA9C-40E7-B86C-C844C6533DAE}
		{6737D36E-8289-4E8F-A7C1-67F1B8111FD9} = {004B5743-EA9C-40E7-B86C-C844C6533DAE}
		{C7B6135A-373A-44D9-AC23-A8F3D2CBF594} = {0B7E53FC-DF6C-401A-9037-77B55EE023E6}
		{F7E7EE7B-4F67-46A4-9EDC-4029EC45AD45} = {0B7E53FC-DF6C-401A-9037-77B55EE023E6}
		{B0D48812-619E-47C1-803D-D50A4C27C96B} = {1465DF7C-3310-4BED-B7E2-E86C48016008}
		{5573DF2B-EC2E-4A7F-8E0F-E3548498A5BA} = {1465DF7C-3310-4BED-B7E2-E86C48016008}
		{C22DBE49-ECB3-4C5A-8D6F-7E02E16CD42E} = {1465DF7C-3310-4BED-B7E2-E86C48016008}
		{9D1A84AD-9D84-4766-8170-1036F2CE1C2A} = {1465DF7C-3310-4BED-B7E2-E86C48016008}
		{66F67470-5756-4E25-99F8-C83277417807} = {1465DF7C-3310-4BED-B7E2-E86C48016008}
		{50D61088-59A1-4537-B64B-B01BCC7DFBA1} = {1465DF7C-3310-4BED-B7E2-E86C48016008}
		{2120C022-C6AD-4A34-874E-873C11B04E1F} = {98CC669E-DE59-4556-94F1-39FF8E1FA8CA}
		{E1325317-F305-4827-8569-A315E60735B4} = {98CC669E-DE59-4556-94F1-39FF8E1FA8CA}
		{503DE397-A743-4267-B920-DACDAB13EA1A} = {98CC669E-DE59-4556-94F1-39FF8E1FA8CA}
		{3F6394F9-518C-4AA2-8DF4-47AE4FC830DB} = {98CC669E-DE59-4556-94F1-39FF8E1FA8CA}
		{56153D58-7EEA-48DB-8445-07D26B2B28E9} = {98CC669E-DE59-4556-94F1-39FF8E1FA8CA}
	EndGlobalSection
	GlobalSection(ExtensibilityGlobals) = postSolution
		SolutionGuid = {984C78A8-CEE9-4CF5-8F16-2852DFDD6C3A}
	EndGlobalSection
EndGlobal
